// !$*UTF8*$!
{
	archiveVersion = 1;
	classes = {
	};
	objectVersion = 55;
	objects = {

/* Begin PBXBuildFile section */
		03B95C15C8F9EA1C4A70747D /* PostListRouterInput.swift in Sources */ = {isa = PBXBuildFile; fileRef = 52CB36C9A2A012FA892B7C8B /* PostListRouterInput.swift */; };
		13A5024D2D216438068DA767 /* PostListViewOutput.swift in Sources */ = {isa = PBXBuildFile; fileRef = 831467C3421EB28D187E7157 /* PostListViewOutput.swift */; };
		285EB7BE3B16EB35A54A7D75 /* PostListConfigurator.swift in Sources */ = {isa = PBXBuildFile; fileRef = FB3A9E0C84DC26A0BB62F155 /* PostListConfigurator.swift */; };
		2F0B4E2E287E16F80044A644 /* AppDelegate.swift in Sources */ = {isa = PBXBuildFile; fileRef = 2F0B4E2D287E16F80044A644 /* AppDelegate.swift */; };
		2F0B4E30287E16F80044A644 /* SceneDelegate.swift in Sources */ = {isa = PBXBuildFile; fileRef = 2F0B4E2F287E16F80044A644 /* SceneDelegate.swift */; };
		2F0B4E37287E16F90044A644 /* Assets.xcassets in Resources */ = {isa = PBXBuildFile; fileRef = 2F0B4E36287E16F90044A644 /* Assets.xcassets */; };
		2F0B4E3A287E16F90044A644 /* LaunchScreen.storyboard in Resources */ = {isa = PBXBuildFile; fileRef = 2F0B4E38287E16F90044A644 /* LaunchScreen.storyboard */; };
		2F0B4E45287E16F90044A644 /* GoRestTests.swift in Sources */ = {isa = PBXBuildFile; fileRef = 2F0B4E44287E16F90044A644 /* GoRestTests.swift */; };
		2F0B4E4F287E16F90044A644 /* GoRestUITests.swift in Sources */ = {isa = PBXBuildFile; fileRef = 2F0B4E4E287E16F90044A644 /* GoRestUITests.swift */; };
		2F0B4E51287E16F90044A644 /* GoRestUITestsLaunchTests.swift in Sources */ = {isa = PBXBuildFile; fileRef = 2F0B4E50287E16F90044A644 /* GoRestUITestsLaunchTests.swift */; };
		2F9D9AC8287E4CCE00CF8B3B /* JSONUtility.swift in Sources */ = {isa = PBXBuildFile; fileRef = 2F9D9AC7287E4CCE00CF8B3B /* JSONUtility.swift */; };
		2F9D9ACB287E4CE800CF8B3B /* GoRestNetworking in Frameworks */ = {isa = PBXBuildFile; productRef = 2F9D9ACA287E4CE800CF8B3B /* GoRestNetworking */; };
		2F9D9ACD287E4CEB00CF8B3B /* GoRestUI in Frameworks */ = {isa = PBXBuildFile; productRef = 2F9D9ACC287E4CEB00CF8B3B /* GoRestUI */; };
		2F9D9ACF287E4E7500CF8B3B /* StoryboardIdentifiable.swift in Sources */ = {isa = PBXBuildFile; fileRef = 2F9D9ACE287E4E7500CF8B3B /* StoryboardIdentifiable.swift */; };
		2F9D9AD1287E4FDA00CF8B3B /* UIStoryboard+StoryboardIdentifiable.swift in Sources */ = {isa = PBXBuildFile; fileRef = 2F9D9AD0287E4FDA00CF8B3B /* UIStoryboard+StoryboardIdentifiable.swift */; };
		2F9D9AD3287E50A500CF8B3B /* UIStoryboard+Storyboards.swift in Sources */ = {isa = PBXBuildFile; fileRef = 2F9D9AD2287E50A500CF8B3B /* UIStoryboard+Storyboards.swift */; };
		2F9D9AD8287E50F500CF8B3B /* Routable.swift in Sources */ = {isa = PBXBuildFile; fileRef = 2F9D9AD7287E50F500CF8B3B /* Routable.swift */; };
		2F9D9ADB287E5B6300CF8B3B /* Lottie in Frameworks */ = {isa = PBXBuildFile; productRef = 2F9D9ADA287E5B6300CF8B3B /* Lottie */; };
		2F9D9ADF287E693000CF8B3B /* Post.storyboard in Resources */ = {isa = PBXBuildFile; fileRef = 2F9D9ADE287E693000CF8B3B /* Post.storyboard */; };
		2F9D9AE3287EA48500CF8B3B /* Post.swift in Sources */ = {isa = PBXBuildFile; fileRef = 2F9D9AE2287EA48500CF8B3B /* Post.swift */; };
		2F9D9AE5287EA56A00CF8B3B /* PostResponse.swift in Sources */ = {isa = PBXBuildFile; fileRef = 2F9D9AE4287EA56A00CF8B3B /* PostResponse.swift */; };
		2F9D9AE8287EA8FE00CF8B3B /* PostTableViewCell.xib in Resources */ = {isa = PBXBuildFile; fileRef = 2F9D9AE7287EA8FE00CF8B3B /* PostTableViewCell.xib */; };
		2F9D9AEA287EA90D00CF8B3B /* PostTableViewCell.swift in Sources */ = {isa = PBXBuildFile; fileRef = 2F9D9AE9287EA90D00CF8B3B /* PostTableViewCell.swift */; };
		2FBF60AA287EAF9F00591DD3 /* PostClient.swift in Sources */ = {isa = PBXBuildFile; fileRef = 2FBF60A9287EAF9F00591DD3 /* PostClient.swift */; };
		2FBF60AC287EAFA600591DD3 /* PostResource.swift in Sources */ = {isa = PBXBuildFile; fileRef = 2FBF60AB287EAFA600591DD3 /* PostResource.swift */; };
		2FBF60B0287EB06800591DD3 /* ErrorResponse.swift in Sources */ = {isa = PBXBuildFile; fileRef = 2FBF60AF287EB06800591DD3 /* ErrorResponse.swift */; };
		2FBF60B3287EB10700591DD3 /* NetworkingService.swift in Sources */ = {isa = PBXBuildFile; fileRef = 2FBF60B2287EB10700591DD3 /* NetworkingService.swift */; };
		2FBF60B5287EB12600591DD3 /* Host.swift in Sources */ = {isa = PBXBuildFile; fileRef = 2FBF60B4287EB12600591DD3 /* Host.swift */; };
		2FBF60B8287EB22400591DD3 /* CommonString.swift in Sources */ = {isa = PBXBuildFile; fileRef = 2FBF60B7287EB22400591DD3 /* CommonString.swift */; };
		2FBF60BB287EB44000591DD3 /* PostStrings.swift in Sources */ = {isa = PBXBuildFile; fileRef = 2FBF60BA287EB44000591DD3 /* PostStrings.swift */; };
		4DB30CC56EEE8ECD220D0B49 /* PostListViewController.swift in Sources */ = {isa = PBXBuildFile; fileRef = F6F23E81A827C65C8E19C9D9 /* PostListViewController.swift */; };
		5507BC041340B35CEE332131 /* PostInitializer.swift in Sources */ = {isa = PBXBuildFile; fileRef = 634AF88970D6C52EDD072FF4 /* PostInitializer.swift */; };
		5CF7FAEF543CC2891023CCBB /* PostListInteractorInput.swift in Sources */ = {isa = PBXBuildFile; fileRef = 20B0B1236011F91DD6460E56 /* PostListInteractorInput.swift */; };
		5CFB311DDC77DEEEE384A9BE /* PostListInteractorOutput.swift in Sources */ = {isa = PBXBuildFile; fileRef = D8A237DA2EB5933DDF3FB722 /* PostListInteractorOutput.swift */; };
		7783E616602D840BEE8ADEBB /* PostListRouterTest.swift in Sources */ = {isa = PBXBuildFile; fileRef = 267FF3BBA12B43F520165CD4 /* PostListRouterTest.swift */; };
		7937F91DE53AD894BD757029 /* PostListConfiguratorTest.swift in Sources */ = {isa = PBXBuildFile; fileRef = 3EB44FD512126F221E0C339B /* PostListConfiguratorTest.swift */; };
		875238FB2D7F00FAD9D14917 /* PostListViewInput.swift in Sources */ = {isa = PBXBuildFile; fileRef = BCA448980158C291EDBBD26F /* PostListViewInput.swift */; };
		9617C24A945EEA3DD71DCF04 /* PostListPresenter.swift in Sources */ = {isa = PBXBuildFile; fileRef = 2C6A0D98FAE8F21531C2A1F5 /* PostListPresenter.swift */; };
		9D21DF61CA0EF30DB648D87A /* PostListInteractorTest.swift in Sources */ = {isa = PBXBuildFile; fileRef = 1CE94FEBBE2A87B4FA577405 /* PostListInteractorTest.swift */; };
		B02FA44A5C2AA52716C22982 /* PostListRouter.swift in Sources */ = {isa = PBXBuildFile; fileRef = 44D77322035D0C6282C12B79 /* PostListRouter.swift */; };
		D664D03AE8A802EF1297CB03 /* PostListModuleInput.swift in Sources */ = {isa = PBXBuildFile; fileRef = 611938C0C2BA74B888672D23 /* PostListModuleInput.swift */; };
		DD378248C852E3163D2C3E06 /* PostListViewTest.swift in Sources */ = {isa = PBXBuildFile; fileRef = 384B429A01BEC4ED54E7B75C /* PostListViewTest.swift */; };
		E1C53A38C94784902948B538 /* PostListPresenterTest.swift in Sources */ = {isa = PBXBuildFile; fileRef = 2D9A4EC881C65AD183F04C77 /* PostListPresenterTest.swift */; };
		F0CED468A2D056592989CE3C /* PostListInteractor.swift in Sources */ = {isa = PBXBuildFile; fileRef = 70B9442F0BAAB80840676E77 /* PostListInteractor.swift */; };
/* End PBXBuildFile section */

/* Begin PBXContainerItemProxy section */
		2F0B4E41287E16F90044A644 /* PBXContainerItemProxy */ = {
			isa = PBXContainerItemProxy;
			containerPortal = 2F0B4E22287E16F70044A644 /* Project object */;
			proxyType = 1;
			remoteGlobalIDString = 2F0B4E29287E16F80044A644;
			remoteInfo = GoRest;
		};
		2F0B4E4B287E16F90044A644 /* PBXContainerItemProxy */ = {
			isa = PBXContainerItemProxy;
			containerPortal = 2F0B4E22287E16F70044A644 /* Project object */;
			proxyType = 1;
			remoteGlobalIDString = 2F0B4E29287E16F80044A644;
			remoteInfo = GoRest;
		};
/* End PBXContainerItemProxy section */

/* Begin PBXFileReference section */
		1CE94FEBBE2A87B4FA577405 /* PostListInteractorTest.swift */ = {isa = PBXFileReference; includeInIndex = 1; lastKnownFileType = sourcecode.swift; path = PostListInteractorTest.swift; sourceTree = "<group>"; };
		20B0B1236011F91DD6460E56 /* PostListInteractorInput.swift */ = {isa = PBXFileReference; includeInIndex = 1; lastKnownFileType = sourcecode.swift; path = PostListInteractorInput.swift; sourceTree = "<group>"; };
		267FF3BBA12B43F520165CD4 /* PostListRouterTest.swift */ = {isa = PBXFileReference; includeInIndex = 1; lastKnownFileType = sourcecode.swift; path = PostListRouterTest.swift; sourceTree = "<group>"; };
		2C6A0D98FAE8F21531C2A1F5 /* PostListPresenter.swift */ = {isa = PBXFileReference; includeInIndex = 1; lastKnownFileType = sourcecode.swift; path = PostListPresenter.swift; sourceTree = "<group>"; };
		2D9A4EC881C65AD183F04C77 /* PostListPresenterTest.swift */ = {isa = PBXFileReference; includeInIndex = 1; lastKnownFileType = sourcecode.swift; path = PostListPresenterTest.swift; sourceTree = "<group>"; };
		2F0B4E2A287E16F80044A644 /* GoRest.app */ = {isa = PBXFileReference; explicitFileType = wrapper.application; includeInIndex = 0; path = GoRest.app; sourceTree = BUILT_PRODUCTS_DIR; };
		2F0B4E2D287E16F80044A644 /* AppDelegate.swift */ = {isa = PBXFileReference; lastKnownFileType = sourcecode.swift; path = AppDelegate.swift; sourceTree = "<group>"; };
		2F0B4E2F287E16F80044A644 /* SceneDelegate.swift */ = {isa = PBXFileReference; lastKnownFileType = sourcecode.swift; path = SceneDelegate.swift; sourceTree = "<group>"; };
		2F0B4E36287E16F90044A644 /* Assets.xcassets */ = {isa = PBXFileReference; lastKnownFileType = folder.assetcatalog; path = Assets.xcassets; sourceTree = "<group>"; };
		2F0B4E39287E16F90044A644 /* Base */ = {isa = PBXFileReference; lastKnownFileType = file.storyboard; name = Base; path = Base.lproj/LaunchScreen.storyboard; sourceTree = "<group>"; };
		2F0B4E3B287E16F90044A644 /* Info.plist */ = {isa = PBXFileReference; lastKnownFileType = text.plist.xml; path = Info.plist; sourceTree = "<group>"; };
		2F0B4E40287E16F90044A644 /* GoRestTests.xctest */ = {isa = PBXFileReference; explicitFileType = wrapper.cfbundle; includeInIndex = 0; path = GoRestTests.xctest; sourceTree = BUILT_PRODUCTS_DIR; };
		2F0B4E44287E16F90044A644 /* GoRestTests.swift */ = {isa = PBXFileReference; lastKnownFileType = sourcecode.swift; path = GoRestTests.swift; sourceTree = "<group>"; };
		2F0B4E4A287E16F90044A644 /* GoRestUITests.xctest */ = {isa = PBXFileReference; explicitFileType = wrapper.cfbundle; includeInIndex = 0; path = GoRestUITests.xctest; sourceTree = BUILT_PRODUCTS_DIR; };
		2F0B4E4E287E16F90044A644 /* GoRestUITests.swift */ = {isa = PBXFileReference; lastKnownFileType = sourcecode.swift; path = GoRestUITests.swift; sourceTree = "<group>"; };
		2F0B4E50287E16F90044A644 /* GoRestUITestsLaunchTests.swift */ = {isa = PBXFileReference; lastKnownFileType = sourcecode.swift; path = GoRestUITestsLaunchTests.swift; sourceTree = "<group>"; };
		2F9D9AC7287E4CCE00CF8B3B /* JSONUtility.swift */ = {isa = PBXFileReference; lastKnownFileType = sourcecode.swift; path = JSONUtility.swift; sourceTree = "<group>"; };
		2F9D9ACE287E4E7500CF8B3B /* StoryboardIdentifiable.swift */ = {isa = PBXFileReference; lastKnownFileType = sourcecode.swift; path = StoryboardIdentifiable.swift; sourceTree = "<group>"; };
		2F9D9AD0287E4FDA00CF8B3B /* UIStoryboard+StoryboardIdentifiable.swift */ = {isa = PBXFileReference; lastKnownFileType = sourcecode.swift; path = "UIStoryboard+StoryboardIdentifiable.swift"; sourceTree = "<group>"; };
		2F9D9AD2287E50A500CF8B3B /* UIStoryboard+Storyboards.swift */ = {isa = PBXFileReference; lastKnownFileType = sourcecode.swift; path = "UIStoryboard+Storyboards.swift"; sourceTree = "<group>"; };
		2F9D9AD7287E50F500CF8B3B /* Routable.swift */ = {isa = PBXFileReference; lastKnownFileType = sourcecode.swift; path = Routable.swift; sourceTree = "<group>"; };
		2F9D9ADE287E693000CF8B3B /* Post.storyboard */ = {isa = PBXFileReference; lastKnownFileType = file.storyboard; path = Post.storyboard; sourceTree = "<group>"; };
		2F9D9AE2287EA48500CF8B3B /* Post.swift */ = {isa = PBXFileReference; lastKnownFileType = sourcecode.swift; path = Post.swift; sourceTree = "<group>"; };
		2F9D9AE4287EA56A00CF8B3B /* PostResponse.swift */ = {isa = PBXFileReference; lastKnownFileType = sourcecode.swift; path = PostResponse.swift; sourceTree = "<group>"; };
		2F9D9AE7287EA8FE00CF8B3B /* PostTableViewCell.xib */ = {isa = PBXFileReference; lastKnownFileType = file.xib; path = PostTableViewCell.xib; sourceTree = "<group>"; };
		2F9D9AE9287EA90D00CF8B3B /* PostTableViewCell.swift */ = {isa = PBXFileReference; lastKnownFileType = sourcecode.swift; path = PostTableViewCell.swift; sourceTree = "<group>"; };
		2FBF60A9287EAF9F00591DD3 /* PostClient.swift */ = {isa = PBXFileReference; lastKnownFileType = sourcecode.swift; path = PostClient.swift; sourceTree = "<group>"; };
		2FBF60AB287EAFA600591DD3 /* PostResource.swift */ = {isa = PBXFileReference; lastKnownFileType = sourcecode.swift; path = PostResource.swift; sourceTree = "<group>"; };
		2FBF60AF287EB06800591DD3 /* ErrorResponse.swift */ = {isa = PBXFileReference; lastKnownFileType = sourcecode.swift; path = ErrorResponse.swift; sourceTree = "<group>"; };
		2FBF60B2287EB10700591DD3 /* NetworkingService.swift */ = {isa = PBXFileReference; lastKnownFileType = sourcecode.swift; path = NetworkingService.swift; sourceTree = "<group>"; };
		2FBF60B4287EB12600591DD3 /* Host.swift */ = {isa = PBXFileReference; lastKnownFileType = sourcecode.swift; path = Host.swift; sourceTree = "<group>"; };
		2FBF60B7287EB22400591DD3 /* CommonString.swift */ = {isa = PBXFileReference; lastKnownFileType = sourcecode.swift; path = CommonString.swift; sourceTree = "<group>"; };
		2FBF60BA287EB44000591DD3 /* PostStrings.swift */ = {isa = PBXFileReference; lastKnownFileType = sourcecode.swift; path = PostStrings.swift; sourceTree = "<group>"; };
		384B429A01BEC4ED54E7B75C /* PostListViewTest.swift */ = {isa = PBXFileReference; includeInIndex = 1; lastKnownFileType = sourcecode.swift; path = PostListViewTest.swift; sourceTree = "<group>"; };
		3EB44FD512126F221E0C339B /* PostListConfiguratorTest.swift */ = {isa = PBXFileReference; includeInIndex = 1; lastKnownFileType = sourcecode.swift; path = PostListConfiguratorTest.swift; sourceTree = "<group>"; };
		44D77322035D0C6282C12B79 /* PostListRouter.swift */ = {isa = PBXFileReference; includeInIndex = 1; lastKnownFileType = sourcecode.swift; path = PostListRouter.swift; sourceTree = "<group>"; };
		52CB36C9A2A012FA892B7C8B /* PostListRouterInput.swift */ = {isa = PBXFileReference; includeInIndex = 1; lastKnownFileType = sourcecode.swift; path = PostListRouterInput.swift; sourceTree = "<group>"; };
		611938C0C2BA74B888672D23 /* PostListModuleInput.swift */ = {isa = PBXFileReference; includeInIndex = 1; lastKnownFileType = sourcecode.swift; path = PostListModuleInput.swift; sourceTree = "<group>"; };
		634AF88970D6C52EDD072FF4 /* PostInitializer.swift */ = {isa = PBXFileReference; includeInIndex = 1; lastKnownFileType = sourcecode.swift; path = PostInitializer.swift; sourceTree = "<group>"; };
		70B9442F0BAAB80840676E77 /* PostListInteractor.swift */ = {isa = PBXFileReference; includeInIndex = 1; lastKnownFileType = sourcecode.swift; path = PostListInteractor.swift; sourceTree = "<group>"; };
		831467C3421EB28D187E7157 /* PostListViewOutput.swift */ = {isa = PBXFileReference; includeInIndex = 1; lastKnownFileType = sourcecode.swift; path = PostListViewOutput.swift; sourceTree = "<group>"; };
		BCA448980158C291EDBBD26F /* PostListViewInput.swift */ = {isa = PBXFileReference; includeInIndex = 1; lastKnownFileType = sourcecode.swift; path = PostListViewInput.swift; sourceTree = "<group>"; };
		D8A237DA2EB5933DDF3FB722 /* PostListInteractorOutput.swift */ = {isa = PBXFileReference; includeInIndex = 1; lastKnownFileType = sourcecode.swift; path = PostListInteractorOutput.swift; sourceTree = "<group>"; };
		F6F23E81A827C65C8E19C9D9 /* PostListViewController.swift */ = {isa = PBXFileReference; includeInIndex = 1; lastKnownFileType = sourcecode.swift; path = PostListViewController.swift; sourceTree = "<group>"; };
		FB3A9E0C84DC26A0BB62F155 /* PostListConfigurator.swift */ = {isa = PBXFileReference; includeInIndex = 1; lastKnownFileType = sourcecode.swift; path = PostListConfigurator.swift; sourceTree = "<group>"; };
/* End PBXFileReference section */

/* Begin PBXFrameworksBuildPhase section */
		2F0B4E27287E16F80044A644 /* Frameworks */ = {
			isa = PBXFrameworksBuildPhase;
			buildActionMask = 2147483647;
			files = (
				2F9D9ACD287E4CEB00CF8B3B /* GoRestUI in Frameworks */,
				2F9D9ACB287E4CE800CF8B3B /* GoRestNetworking in Frameworks */,
				2F9D9ADB287E5B6300CF8B3B /* Lottie in Frameworks */,
			);
			runOnlyForDeploymentPostprocessing = 0;
		};
		2F0B4E3D287E16F90044A644 /* Frameworks */ = {
			isa = PBXFrameworksBuildPhase;
			buildActionMask = 2147483647;
			files = (
			);
			runOnlyForDeploymentPostprocessing = 0;
		};
		2F0B4E47287E16F90044A644 /* Frameworks */ = {
			isa = PBXFrameworksBuildPhase;
			buildActionMask = 2147483647;
			files = (
			);
			runOnlyForDeploymentPostprocessing = 0;
		};
/* End PBXFrameworksBuildPhase section */

/* Begin PBXGroup section */
		1F8ED90058267F2FD1E64AA8 /* Post */ = {
			isa = PBXGroup;
			children = (
				90F712D6EB44E32632A851BD /* Modules */,
			);
			path = Post;
			sourceTree = "<group>";
		};
		2285BBA717ED54C866657508 /* Configurator */ = {
			isa = PBXGroup;
			children = (
				3EB44FD512126F221E0C339B /* PostListConfiguratorTest.swift */,
			);
			path = Configurator;
			sourceTree = "<group>";
		};
		25F7D7EBB8507EDCD5344B68 /* PostList */ = {
			isa = PBXGroup;
			children = (
				853810DB36D643EEF5D18A58 /* Application Logic */,
				BF151201679B1B6E93B679B5 /* User Interface */,
			);
			path = PostList;
			sourceTree = "<group>";
		};
		2F0B4E21287E16F70044A644 = {
			isa = PBXGroup;
			children = (
				2F0B4E2C287E16F80044A644 /* GoRest */,
				2F0B4E43287E16F90044A644 /* GoRestTests */,
				2F0B4E4D287E16F90044A644 /* GoRestUITests */,
				2F0B4E2B287E16F80044A644 /* Products */,
				2F9D9AC9287E4CE800CF8B3B /* Frameworks */,
			);
			sourceTree = "<group>";
		};
		2F0B4E2B287E16F80044A644 /* Products */ = {
			isa = PBXGroup;
			children = (
				2F0B4E2A287E16F80044A644 /* GoRest.app */,
				2F0B4E40287E16F90044A644 /* GoRestTests.xctest */,
				2F0B4E4A287E16F90044A644 /* GoRestUITests.xctest */,
			);
			name = Products;
			sourceTree = "<group>";
		};
		2F0B4E2C287E16F80044A644 /* GoRest */ = {
			isa = PBXGroup;
			children = (
				2F9D9ADC287E677F00CF8B3B /* Common */,
				2F0B4E2D287E16F80044A644 /* AppDelegate.swift */,
				2F0B4E2F287E16F80044A644 /* SceneDelegate.swift */,
				2F0B4E36287E16F90044A644 /* Assets.xcassets */,
				2F0B4E38287E16F90044A644 /* LaunchScreen.storyboard */,
				2F0B4E3B287E16F90044A644 /* Info.plist */,
				FE0631523C0081A13677F078 /* Features */,
			);
			path = GoRest;
			sourceTree = "<group>";
		};
		2F0B4E43287E16F90044A644 /* GoRestTests */ = {
			isa = PBXGroup;
			children = (
				2F0B4E44287E16F90044A644 /* GoRestTests.swift */,
				C1C444FE91CE2E8204C8FCD0 /* Features */,
			);
			path = GoRestTests;
			sourceTree = "<group>";
		};
		2F0B4E4D287E16F90044A644 /* GoRestUITests */ = {
			isa = PBXGroup;
			children = (
				2F0B4E4E287E16F90044A644 /* GoRestUITests.swift */,
				2F0B4E50287E16F90044A644 /* GoRestUITestsLaunchTests.swift */,
			);
			path = GoRestUITests;
			sourceTree = "<group>";
		};
		2F9D9AC6287E4CBA00CF8B3B /* Extensions */ = {
			isa = PBXGroup;
			children = (
				2F9D9AC7287E4CCE00CF8B3B /* JSONUtility.swift */,
				2F9D9ACE287E4E7500CF8B3B /* StoryboardIdentifiable.swift */,
				2F9D9AD0287E4FDA00CF8B3B /* UIStoryboard+StoryboardIdentifiable.swift */,
				2F9D9AD2287E50A500CF8B3B /* UIStoryboard+Storyboards.swift */,
			);
			path = Extensions;
			sourceTree = "<group>";
		};
		2F9D9AC9287E4CE800CF8B3B /* Frameworks */ = {
			isa = PBXGroup;
			children = (
			);
			name = Frameworks;
			sourceTree = "<group>";
		};
		2F9D9AD6287E50E800CF8B3B /* Navigation */ = {
			isa = PBXGroup;
			children = (
				2F9D9AD7287E50F500CF8B3B /* Routable.swift */,
			);
			path = Navigation;
			sourceTree = "<group>";
		};
		2F9D9ADC287E677F00CF8B3B /* Common */ = {
			isa = PBXGroup;
			children = (
				2FBF60B6287EB21500591DD3 /* Strings */,
				2FBF60B1287EB0F900591DD3 /* Services */,
				2FBF60AD287EB05300591DD3 /* Entity */,
				2F9D9AD6287E50E800CF8B3B /* Navigation */,
				2F9D9AC6287E4CBA00CF8B3B /* Extensions */,
				2F9D9ADD287E691900CF8B3B /* Storyboard */,
			);
			path = Common;
			sourceTree = "<group>";
		};
		2F9D9ADD287E691900CF8B3B /* Storyboard */ = {
			isa = PBXGroup;
			children = (
				2F9D9ADE287E693000CF8B3B /* Post.storyboard */,
			);
			path = Storyboard;
			sourceTree = "<group>";
		};
		2F9D9AE0287EA45700CF8B3B /* Entity */ = {
			isa = PBXGroup;
			children = (
				2F9D9AE1287EA45F00CF8B3B /* Model */,
			);
			path = Entity;
			sourceTree = "<group>";
		};
		2F9D9AE1287EA45F00CF8B3B /* Model */ = {
			isa = PBXGroup;
			children = (
				2F9D9AE2287EA48500CF8B3B /* Post.swift */,
				2F9D9AE4287EA56A00CF8B3B /* PostResponse.swift */,
			);
			path = Model;
			sourceTree = "<group>";
		};
		2F9D9AE6287EA8E600CF8B3B /* Cell */ = {
			isa = PBXGroup;
			children = (
				2F9D9AE9287EA90D00CF8B3B /* PostTableViewCell.swift */,
				2F9D9AE7287EA8FE00CF8B3B /* PostTableViewCell.xib */,
			);
			path = Cell;
			sourceTree = "<group>";
		};
		2FBF60A7287EAF8E00591DD3 /* Common */ = {
			isa = PBXGroup;
			children = (
				2FBF60B9287EB43300591DD3 /* Strings */,
				2FBF60A8287EAF9300591DD3 /* Entity */,
			);
			path = Common;
			sourceTree = "<group>";
		};
		2FBF60A8287EAF9300591DD3 /* Entity */ = {
			isa = PBXGroup;
			children = (
				2FBF60A9287EAF9F00591DD3 /* PostClient.swift */,
				2FBF60AB287EAFA600591DD3 /* PostResource.swift */,
			);
			path = Entity;
			sourceTree = "<group>";
		};
		2FBF60AD287EB05300591DD3 /* Entity */ = {
			isa = PBXGroup;
			children = (
				2FBF60AE287EB05F00591DD3 /* Models */,
				2FBF60B4287EB12600591DD3 /* Host.swift */,
			);
			path = Entity;
			sourceTree = "<group>";
		};
		2FBF60AE287EB05F00591DD3 /* Models */ = {
			isa = PBXGroup;
			children = (
				2FBF60AF287EB06800591DD3 /* ErrorResponse.swift */,
			);
			path = Models;
			sourceTree = "<group>";
		};
		2FBF60B1287EB0F900591DD3 /* Services */ = {
			isa = PBXGroup;
			children = (
				2FBF60B2287EB10700591DD3 /* NetworkingService.swift */,
			);
			path = Services;
			sourceTree = "<group>";
		};
		2FBF60B6287EB21500591DD3 /* Strings */ = {
			isa = PBXGroup;
			children = (
				2FBF60B7287EB22400591DD3 /* CommonString.swift */,
			);
			path = Strings;
			sourceTree = "<group>";
		};
		2FBF60B9287EB43300591DD3 /* Strings */ = {
			isa = PBXGroup;
			children = (
				2FBF60BA287EB44000591DD3 /* PostStrings.swift */,
			);
			path = Strings;
			sourceTree = "<group>";
		};
		3C1F75763F17172B124A30F9 /* Application Logic */ = {
			isa = PBXGroup;
			children = (
				2F9D9AE0287EA45700CF8B3B /* Entity */,
				83445F30A74A7100191DA4F9 /* Configurator */,
				BBDE341F0E480BB2B14B2745 /* Interactor */,
			);
			path = "Application Logic";
			sourceTree = "<group>";
		};
		452C9455CC48E688730B1D23 /* Router */ = {
			isa = PBXGroup;
			children = (
				267FF3BBA12B43F520165CD4 /* PostListRouterTest.swift */,
			);
			path = Router;
			sourceTree = "<group>";
		};
		63628AC591CC1378CB0DAB62 /* Modules */ = {
			isa = PBXGroup;
			children = (
				D7D63DD94FCF741A63602C51 /* PostList */,
			);
			path = Modules;
			sourceTree = "<group>";
		};
		73E3DA6AAD9E16AAF0AE1487 /* View */ = {
			isa = PBXGroup;
			children = (
				2F9D9AE6287EA8E600CF8B3B /* Cell */,
				F6F23E81A827C65C8E19C9D9 /* PostListViewController.swift */,
				BCA448980158C291EDBBD26F /* PostListViewInput.swift */,
				831467C3421EB28D187E7157 /* PostListViewOutput.swift */,
			);
			path = View;
			sourceTree = "<group>";
		};
		83445F30A74A7100191DA4F9 /* Configurator */ = {
			isa = PBXGroup;
			children = (
				FB3A9E0C84DC26A0BB62F155 /* PostListConfigurator.swift */,
				634AF88970D6C52EDD072FF4 /* PostInitializer.swift */,
			);
			path = Configurator;
			sourceTree = "<group>";
		};
		853810DB36D643EEF5D18A58 /* Application Logic */ = {
			isa = PBXGroup;
			children = (
				2285BBA717ED54C866657508 /* Configurator */,
				D8531B7A495FAAB4646E0126 /* Interactor */,
			);
			path = "Application Logic";
			sourceTree = "<group>";
		};
		90F712D6EB44E32632A851BD /* Modules */ = {
			isa = PBXGroup;
			children = (
				25F7D7EBB8507EDCD5344B68 /* PostList */,
			);
			path = Modules;
			sourceTree = "<group>";
		};
		90FEE4973D50D1CF800EDABA /* Presenter */ = {
			isa = PBXGroup;
			children = (
				2D9A4EC881C65AD183F04C77 /* PostListPresenterTest.swift */,
			);
			path = Presenter;
			sourceTree = "<group>";
		};
		AC55B328E895EAEB2D655E41 /* Presenter */ = {
			isa = PBXGroup;
			children = (
				611938C0C2BA74B888672D23 /* PostListModuleInput.swift */,
				2C6A0D98FAE8F21531C2A1F5 /* PostListPresenter.swift */,
			);
			path = Presenter;
			sourceTree = "<group>";
		};
		BBDE341F0E480BB2B14B2745 /* Interactor */ = {
			isa = PBXGroup;
			children = (
				70B9442F0BAAB80840676E77 /* PostListInteractor.swift */,
				20B0B1236011F91DD6460E56 /* PostListInteractorInput.swift */,
				D8A237DA2EB5933DDF3FB722 /* PostListInteractorOutput.swift */,
			);
			path = Interactor;
			sourceTree = "<group>";
		};
		BF151201679B1B6E93B679B5 /* User Interface */ = {
			isa = PBXGroup;
			children = (
				452C9455CC48E688730B1D23 /* Router */,
				90FEE4973D50D1CF800EDABA /* Presenter */,
				E71BF52638F88C5489FCADDF /* View */,
			);
			path = "User Interface";
			sourceTree = "<group>";
		};
		C1C444FE91CE2E8204C8FCD0 /* Features */ = {
			isa = PBXGroup;
			children = (
				1F8ED90058267F2FD1E64AA8 /* Post */,
			);
			path = Features;
			sourceTree = "<group>";
		};
		D7D63DD94FCF741A63602C51 /* PostList */ = {
			isa = PBXGroup;
			children = (
				3C1F75763F17172B124A30F9 /* Application Logic */,
				DB5CA0C05682BA8531CEC99E /* User Interface */,
			);
			path = PostList;
			sourceTree = "<group>";
		};
		D8531B7A495FAAB4646E0126 /* Interactor */ = {
			isa = PBXGroup;
			children = (
				1CE94FEBBE2A87B4FA577405 /* PostListInteractorTest.swift */,
			);
			path = Interactor;
			sourceTree = "<group>";
		};
		DB5CA0C05682BA8531CEC99E /* User Interface */ = {
			isa = PBXGroup;
			children = (
				AC55B328E895EAEB2D655E41 /* Presenter */,
				EF84A9620B4CC7F7972F7A67 /* Router */,
				73E3DA6AAD9E16AAF0AE1487 /* View */,
			);
			path = "User Interface";
			sourceTree = "<group>";
		};
		E71BF52638F88C5489FCADDF /* View */ = {
			isa = PBXGroup;
			children = (
				384B429A01BEC4ED54E7B75C /* PostListViewTest.swift */,
			);
			path = View;
			sourceTree = "<group>";
		};
		ED7FF8EEC4946A1B42559C8D /* Post */ = {
			isa = PBXGroup;
			children = (
				2FBF60A7287EAF8E00591DD3 /* Common */,
				63628AC591CC1378CB0DAB62 /* Modules */,
			);
			path = Post;
			sourceTree = "<group>";
		};
		EF84A9620B4CC7F7972F7A67 /* Router */ = {
			isa = PBXGroup;
			children = (
				44D77322035D0C6282C12B79 /* PostListRouter.swift */,
				52CB36C9A2A012FA892B7C8B /* PostListRouterInput.swift */,
			);
			path = Router;
			sourceTree = "<group>";
		};
		FE0631523C0081A13677F078 /* Features */ = {
			isa = PBXGroup;
			children = (
				ED7FF8EEC4946A1B42559C8D /* Post */,
			);
			path = Features;
			sourceTree = "<group>";
		};
/* End PBXGroup section */

/* Begin PBXNativeTarget section */
		2F0B4E29287E16F80044A644 /* GoRest */ = {
			isa = PBXNativeTarget;
			buildConfigurationList = 2F0B4E54287E16FA0044A644 /* Build configuration list for PBXNativeTarget "GoRest" */;
			buildPhases = (
				2F0B4E26287E16F80044A644 /* Sources */,
				2F0B4E27287E16F80044A644 /* Frameworks */,
				2F0B4E28287E16F80044A644 /* Resources */,
			);
			buildRules = (
			);
			dependencies = (
			);
			name = GoRest;
			packageProductDependencies = (
				2F9D9ACA287E4CE800CF8B3B /* GoRestNetworking */,
				2F9D9ACC287E4CEB00CF8B3B /* GoRestUI */,
				2F9D9ADA287E5B6300CF8B3B /* Lottie */,
			);
			productName = GoRest;
			productReference = 2F0B4E2A287E16F80044A644 /* GoRest.app */;
			productType = "com.apple.product-type.application";
		};
		2F0B4E3F287E16F90044A644 /* GoRestTests */ = {
			isa = PBXNativeTarget;
			buildConfigurationList = 2F0B4E57287E16FA0044A644 /* Build configuration list for PBXNativeTarget "GoRestTests" */;
			buildPhases = (
				2F0B4E3C287E16F90044A644 /* Sources */,
				2F0B4E3D287E16F90044A644 /* Frameworks */,
				2F0B4E3E287E16F90044A644 /* Resources */,
			);
			buildRules = (
			);
			dependencies = (
				2F0B4E42287E16F90044A644 /* PBXTargetDependency */,
			);
			name = GoRestTests;
			productName = GoRestTests;
			productReference = 2F0B4E40287E16F90044A644 /* GoRestTests.xctest */;
			productType = "com.apple.product-type.bundle.unit-test";
		};
		2F0B4E49287E16F90044A644 /* GoRestUITests */ = {
			isa = PBXNativeTarget;
			buildConfigurationList = 2F0B4E5A287E16FA0044A644 /* Build configuration list for PBXNativeTarget "GoRestUITests" */;
			buildPhases = (
				2F0B4E46287E16F90044A644 /* Sources */,
				2F0B4E47287E16F90044A644 /* Frameworks */,
				2F0B4E48287E16F90044A644 /* Resources */,
			);
			buildRules = (
			);
			dependencies = (
				2F0B4E4C287E16F90044A644 /* PBXTargetDependency */,
			);
			name = GoRestUITests;
			productName = GoRestUITests;
			productReference = 2F0B4E4A287E16F90044A644 /* GoRestUITests.xctest */;
			productType = "com.apple.product-type.bundle.ui-testing";
		};
/* End PBXNativeTarget section */

/* Begin PBXProject section */
		2F0B4E22287E16F70044A644 /* Project object */ = {
			isa = PBXProject;
			attributes = {
				BuildIndependentTargetsInParallel = 1;
				LastSwiftUpdateCheck = 1320;
				LastUpgradeCheck = 1320;
				TargetAttributes = {
					2F0B4E29287E16F80044A644 = {
						CreatedOnToolsVersion = 13.2.1;
					};
					2F0B4E3F287E16F90044A644 = {
						CreatedOnToolsVersion = 13.2.1;
						TestTargetID = 2F0B4E29287E16F80044A644;
					};
					2F0B4E49287E16F90044A644 = {
						CreatedOnToolsVersion = 13.2.1;
						TestTargetID = 2F0B4E29287E16F80044A644;
					};
				};
			};
			buildConfigurationList = 2F0B4E25287E16F80044A644 /* Build configuration list for PBXProject "GoRest" */;
			compatibilityVersion = "Xcode 13.0";
			developmentRegion = en;
			hasScannedForEncodings = 0;
			knownRegions = (
				en,
				Base,
			);
			mainGroup = 2F0B4E21287E16F70044A644;
			packageReferences = (
				2F9D9AD9287E5B6300CF8B3B /* XCRemoteSwiftPackageReference "lottie-ios" */,
			);
			productRefGroup = 2F0B4E2B287E16F80044A644 /* Products */;
			projectDirPath = "";
			projectRoot = "";
			targets = (
				2F0B4E29287E16F80044A644 /* GoRest */,
				2F0B4E3F287E16F90044A644 /* GoRestTests */,
				2F0B4E49287E16F90044A644 /* GoRestUITests */,
			);
		};
/* End PBXProject section */

/* Begin PBXResourcesBuildPhase section */
		2F0B4E28287E16F80044A644 /* Resources */ = {
			isa = PBXResourcesBuildPhase;
			buildActionMask = 2147483647;
			files = (
				2F0B4E3A287E16F90044A644 /* LaunchScreen.storyboard in Resources */,
				2F9D9ADF287E693000CF8B3B /* Post.storyboard in Resources */,
				2F0B4E37287E16F90044A644 /* Assets.xcassets in Resources */,
				2F9D9AE8287EA8FE00CF8B3B /* PostTableViewCell.xib in Resources */,
			);
			runOnlyForDeploymentPostprocessing = 0;
		};
		2F0B4E3E287E16F90044A644 /* Resources */ = {
			isa = PBXResourcesBuildPhase;
			buildActionMask = 2147483647;
			files = (
			);
			runOnlyForDeploymentPostprocessing = 0;
		};
		2F0B4E48287E16F90044A644 /* Resources */ = {
			isa = PBXResourcesBuildPhase;
			buildActionMask = 2147483647;
			files = (
			);
			runOnlyForDeploymentPostprocessing = 0;
		};
/* End PBXResourcesBuildPhase section */

/* Begin PBXSourcesBuildPhase section */
		2F0B4E26287E16F80044A644 /* Sources */ = {
			isa = PBXSourcesBuildPhase;
			buildActionMask = 2147483647;
			files = (
				2F0B4E2E287E16F80044A644 /* AppDelegate.swift in Sources */,
				2F9D9AE5287EA56A00CF8B3B /* PostResponse.swift in Sources */,
				2F9D9AC8287E4CCE00CF8B3B /* JSONUtility.swift in Sources */,
				2F9D9AD3287E50A500CF8B3B /* UIStoryboard+Storyboards.swift in Sources */,
				2F9D9AD1287E4FDA00CF8B3B /* UIStoryboard+StoryboardIdentifiable.swift in Sources */,
				2FBF60B0287EB06800591DD3 /* ErrorResponse.swift in Sources */,
				2F0B4E30287E16F80044A644 /* SceneDelegate.swift in Sources */,
				2F9D9ACF287E4E7500CF8B3B /* StoryboardIdentifiable.swift in Sources */,
				2FBF60BB287EB44000591DD3 /* PostStrings.swift in Sources */,
				2F9D9AD8287E50F500CF8B3B /* Routable.swift in Sources */,
				285EB7BE3B16EB35A54A7D75 /* PostListConfigurator.swift in Sources */,
				5507BC041340B35CEE332131 /* PostInitializer.swift in Sources */,
				2FBF60B3287EB10700591DD3 /* NetworkingService.swift in Sources */,
				F0CED468A2D056592989CE3C /* PostListInteractor.swift in Sources */,
				5CF7FAEF543CC2891023CCBB /* PostListInteractorInput.swift in Sources */,
				2F9D9AEA287EA90D00CF8B3B /* PostTableViewCell.swift in Sources */,
				5CFB311DDC77DEEEE384A9BE /* PostListInteractorOutput.swift in Sources */,
				D664D03AE8A802EF1297CB03 /* PostListModuleInput.swift in Sources */,
				9617C24A945EEA3DD71DCF04 /* PostListPresenter.swift in Sources */,
				B02FA44A5C2AA52716C22982 /* PostListRouter.swift in Sources */,
				03B95C15C8F9EA1C4A70747D /* PostListRouterInput.swift in Sources */,
				4DB30CC56EEE8ECD220D0B49 /* PostListViewController.swift in Sources */,
				2FBF60B8287EB22400591DD3 /* CommonString.swift in Sources */,
				2FBF60AC287EAFA600591DD3 /* PostResource.swift in Sources */,
				875238FB2D7F00FAD9D14917 /* PostListViewInput.swift in Sources */,
				13A5024D2D216438068DA767 /* PostListViewOutput.swift in Sources */,
				2FBF60B5287EB12600591DD3 /* Host.swift in Sources */,
				2F9D9AE3287EA48500CF8B3B /* Post.swift in Sources */,
				2FBF60AA287EAF9F00591DD3 /* PostClient.swift in Sources */,
			);
			runOnlyForDeploymentPostprocessing = 0;
		};
		2F0B4E3C287E16F90044A644 /* Sources */ = {
			isa = PBXSourcesBuildPhase;
			buildActionMask = 2147483647;
			files = (
				2F0B4E45287E16F90044A644 /* GoRestTests.swift in Sources */,
			);
			runOnlyForDeploymentPostprocessing = 0;
		};
		2F0B4E46287E16F90044A644 /* Sources */ = {
			isa = PBXSourcesBuildPhase;
			buildActionMask = 2147483647;
			files = (
				2F0B4E51287E16F90044A644 /* GoRestUITestsLaunchTests.swift in Sources */,
				2F0B4E4F287E16F90044A644 /* GoRestUITests.swift in Sources */,
				7937F91DE53AD894BD757029 /* PostListConfiguratorTest.swift in Sources */,
				9D21DF61CA0EF30DB648D87A /* PostListInteractorTest.swift in Sources */,
				7783E616602D840BEE8ADEBB /* PostListRouterTest.swift in Sources */,
				E1C53A38C94784902948B538 /* PostListPresenterTest.swift in Sources */,
				DD378248C852E3163D2C3E06 /* PostListViewTest.swift in Sources */,
			);
			runOnlyForDeploymentPostprocessing = 0;
		};
/* End PBXSourcesBuildPhase section */

/* Begin PBXTargetDependency section */
		2F0B4E42287E16F90044A644 /* PBXTargetDependency */ = {
			isa = PBXTargetDependency;
			target = 2F0B4E29287E16F80044A644 /* GoRest */;
			targetProxy = 2F0B4E41287E16F90044A644 /* PBXContainerItemProxy */;
		};
		2F0B4E4C287E16F90044A644 /* PBXTargetDependency */ = {
			isa = PBXTargetDependency;
			target = 2F0B4E29287E16F80044A644 /* GoRest */;
			targetProxy = 2F0B4E4B287E16F90044A644 /* PBXContainerItemProxy */;
		};
/* End PBXTargetDependency section */

/* Begin PBXVariantGroup section */
		2F0B4E38287E16F90044A644 /* LaunchScreen.storyboard */ = {
			isa = PBXVariantGroup;
			children = (
				2F0B4E39287E16F90044A644 /* Base */,
			);
			name = LaunchScreen.storyboard;
			sourceTree = "<group>";
		};
/* End PBXVariantGroup section */

/* Begin XCBuildConfiguration section */
		2F0B4E52287E16FA0044A644 /* Debug */ = {
			isa = XCBuildConfiguration;
			buildSettings = {
				ALWAYS_SEARCH_USER_PATHS = NO;
				CLANG_ANALYZER_NONNULL = YES;
				CLANG_ANALYZER_NUMBER_OBJECT_CONVERSION = YES_AGGRESSIVE;
				CLANG_CXX_LANGUAGE_STANDARD = "gnu++17";
				CLANG_CXX_LIBRARY = "libc++";
				CLANG_ENABLE_MODULES = YES;
				CLANG_ENABLE_OBJC_ARC = YES;
				CLANG_ENABLE_OBJC_WEAK = YES;
				CLANG_WARN_BLOCK_CAPTURE_AUTORELEASING = YES;
				CLANG_WARN_BOOL_CONVERSION = YES;
				CLANG_WARN_COMMA = YES;
				CLANG_WARN_CONSTANT_CONVERSION = YES;
				CLANG_WARN_DEPRECATED_OBJC_IMPLEMENTATIONS = YES;
				CLANG_WARN_DIRECT_OBJC_ISA_USAGE = YES_ERROR;
				CLANG_WARN_DOCUMENTATION_COMMENTS = YES;
				CLANG_WARN_EMPTY_BODY = YES;
				CLANG_WARN_ENUM_CONVERSION = YES;
				CLANG_WARN_INFINITE_RECURSION = YES;
				CLANG_WARN_INT_CONVERSION = YES;
				CLANG_WARN_NON_LITERAL_NULL_CONVERSION = YES;
				CLANG_WARN_OBJC_IMPLICIT_RETAIN_SELF = YES;
				CLANG_WARN_OBJC_LITERAL_CONVERSION = YES;
				CLANG_WARN_OBJC_ROOT_CLASS = YES_ERROR;
				CLANG_WARN_QUOTED_INCLUDE_IN_FRAMEWORK_HEADER = YES;
				CLANG_WARN_RANGE_LOOP_ANALYSIS = YES;
				CLANG_WARN_STRICT_PROTOTYPES = YES;
				CLANG_WARN_SUSPICIOUS_MOVE = YES;
				CLANG_WARN_UNGUARDED_AVAILABILITY = YES_AGGRESSIVE;
				CLANG_WARN_UNREACHABLE_CODE = YES;
				CLANG_WARN__DUPLICATE_METHOD_MATCH = YES;
				COPY_PHASE_STRIP = NO;
				DEBUG_INFORMATION_FORMAT = dwarf;
				ENABLE_STRICT_OBJC_MSGSEND = YES;
				ENABLE_TESTABILITY = YES;
				GCC_C_LANGUAGE_STANDARD = gnu11;
				GCC_DYNAMIC_NO_PIC = NO;
				GCC_NO_COMMON_BLOCKS = YES;
				GCC_OPTIMIZATION_LEVEL = 0;
				GCC_PREPROCESSOR_DEFINITIONS = (
					"DEBUG=1",
					"$(inherited)",
				);
				GCC_WARN_64_TO_32_BIT_CONVERSION = YES;
				GCC_WARN_ABOUT_RETURN_TYPE = YES_ERROR;
				GCC_WARN_UNDECLARED_SELECTOR = YES;
				GCC_WARN_UNINITIALIZED_AUTOS = YES_AGGRESSIVE;
				GCC_WARN_UNUSED_FUNCTION = YES;
				GCC_WARN_UNUSED_VARIABLE = YES;
				IPHONEOS_DEPLOYMENT_TARGET = 15.2;
				MTL_ENABLE_DEBUG_INFO = INCLUDE_SOURCE;
				MTL_FAST_MATH = YES;
				ONLY_ACTIVE_ARCH = YES;
				SDKROOT = iphoneos;
				SWIFT_ACTIVE_COMPILATION_CONDITIONS = DEBUG;
				SWIFT_OPTIMIZATION_LEVEL = "-Onone";
			};
			name = Debug;
		};
		2F0B4E53287E16FA0044A644 /* Release */ = {
			isa = XCBuildConfiguration;
			buildSettings = {
				ALWAYS_SEARCH_USER_PATHS = NO;
				CLANG_ANALYZER_NONNULL = YES;
				CLANG_ANALYZER_NUMBER_OBJECT_CONVERSION = YES_AGGRESSIVE;
				CLANG_CXX_LANGUAGE_STANDARD = "gnu++17";
				CLANG_CXX_LIBRARY = "libc++";
				CLANG_ENABLE_MODULES = YES;
				CLANG_ENABLE_OBJC_ARC = YES;
				CLANG_ENABLE_OBJC_WEAK = YES;
				CLANG_WARN_BLOCK_CAPTURE_AUTORELEASING = YES;
				CLANG_WARN_BOOL_CONVERSION = YES;
				CLANG_WARN_COMMA = YES;
				CLANG_WARN_CONSTANT_CONVERSION = YES;
				CLANG_WARN_DEPRECATED_OBJC_IMPLEMENTATIONS = YES;
				CLANG_WARN_DIRECT_OBJC_ISA_USAGE = YES_ERROR;
				CLANG_WARN_DOCUMENTATION_COMMENTS = YES;
				CLANG_WARN_EMPTY_BODY = YES;
				CLANG_WARN_ENUM_CONVERSION = YES;
				CLANG_WARN_INFINITE_RECURSION = YES;
				CLANG_WARN_INT_CONVERSION = YES;
				CLANG_WARN_NON_LITERAL_NULL_CONVERSION = YES;
				CLANG_WARN_OBJC_IMPLICIT_RETAIN_SELF = YES;
				CLANG_WARN_OBJC_LITERAL_CONVERSION = YES;
				CLANG_WARN_OBJC_ROOT_CLASS = YES_ERROR;
				CLANG_WARN_QUOTED_INCLUDE_IN_FRAMEWORK_HEADER = YES;
				CLANG_WARN_RANGE_LOOP_ANALYSIS = YES;
				CLANG_WARN_STRICT_PROTOTYPES = YES;
				CLANG_WARN_SUSPICIOUS_MOVE = YES;
				CLANG_WARN_UNGUARDED_AVAILABILITY = YES_AGGRESSIVE;
				CLANG_WARN_UNREACHABLE_CODE = YES;
				CLANG_WARN__DUPLICATE_METHOD_MATCH = YES;
				COPY_PHASE_STRIP = NO;
				DEBUG_INFORMATION_FORMAT = "dwarf-with-dsym";
				ENABLE_NS_ASSERTIONS = NO;
				ENABLE_STRICT_OBJC_MSGSEND = YES;
				GCC_C_LANGUAGE_STANDARD = gnu11;
				GCC_NO_COMMON_BLOCKS = YES;
				GCC_WARN_64_TO_32_BIT_CONVERSION = YES;
				GCC_WARN_ABOUT_RETURN_TYPE = YES_ERROR;
				GCC_WARN_UNDECLARED_SELECTOR = YES;
				GCC_WARN_UNINITIALIZED_AUTOS = YES_AGGRESSIVE;
				GCC_WARN_UNUSED_FUNCTION = YES;
				GCC_WARN_UNUSED_VARIABLE = YES;
				IPHONEOS_DEPLOYMENT_TARGET = 15.2;
				MTL_ENABLE_DEBUG_INFO = NO;
				MTL_FAST_MATH = YES;
				SDKROOT = iphoneos;
				SWIFT_COMPILATION_MODE = wholemodule;
				SWIFT_OPTIMIZATION_LEVEL = "-O";
				VALIDATE_PRODUCT = YES;
			};
			name = Release;
		};
		2F0B4E55287E16FA0044A644 /* Debug */ = {
			isa = XCBuildConfiguration;
			buildSettings = {
				ASSETCATALOG_COMPILER_APPICON_NAME = AppIcon;
				ASSETCATALOG_COMPILER_GLOBAL_ACCENT_COLOR_NAME = AccentColor;
				CODE_SIGN_STYLE = Automatic;
				CURRENT_PROJECT_VERSION = 1;
				DEVELOPMENT_TEAM = NR5747Y6M3;
				GENERATE_INFOPLIST_FILE = YES;
				INFOPLIST_FILE = GoRest/Info.plist;
				INFOPLIST_KEY_UIApplicationSupportsIndirectInputEvents = YES;
				INFOPLIST_KEY_UILaunchStoryboardName = LaunchScreen;
				INFOPLIST_KEY_UISupportedInterfaceOrientations_iPad = "UIInterfaceOrientationPortrait UIInterfaceOrientationPortraitUpsideDown UIInterfaceOrientationLandscapeLeft UIInterfaceOrientationLandscapeRight";
				INFOPLIST_KEY_UISupportedInterfaceOrientations_iPhone = "UIInterfaceOrientationPortrait UIInterfaceOrientationLandscapeLeft UIInterfaceOrientationLandscapeRight";
				LD_RUNPATH_SEARCH_PATHS = (
					"$(inherited)",
					"@executable_path/Frameworks",
				);
				MARKETING_VERSION = 1.0;
				PRODUCT_BUNDLE_IDENTIFIER = pe.carlosllerena.GoRest;
				PRODUCT_NAME = "$(TARGET_NAME)";
				SWIFT_EMIT_LOC_STRINGS = YES;
				SWIFT_VERSION = 5.0;
				TARGETED_DEVICE_FAMILY = "1,2";
			};
			name = Debug;
		};
		2F0B4E56287E16FA0044A644 /* Release */ = {
			isa = XCBuildConfiguration;
			buildSettings = {
				ASSETCATALOG_COMPILER_APPICON_NAME = AppIcon;
				ASSETCATALOG_COMPILER_GLOBAL_ACCENT_COLOR_NAME = AccentColor;
				CODE_SIGN_STYLE = Automatic;
				CURRENT_PROJECT_VERSION = 1;
				DEVELOPMENT_TEAM = NR5747Y6M3;
				GENERATE_INFOPLIST_FILE = YES;
				INFOPLIST_FILE = GoRest/Info.plist;
				INFOPLIST_KEY_UIApplicationSupportsIndirectInputEvents = YES;
				INFOPLIST_KEY_UILaunchStoryboardName = LaunchScreen;
				INFOPLIST_KEY_UISupportedInterfaceOrientations_iPad = "UIInterfaceOrientationPortrait UIInterfaceOrientationPortraitUpsideDown UIInterfaceOrientationLandscapeLeft UIInterfaceOrientationLandscapeRight";
				INFOPLIST_KEY_UISupportedInterfaceOrientations_iPhone = "UIInterfaceOrientationPortrait UIInterfaceOrientationLandscapeLeft UIInterfaceOrientationLandscapeRight";
				LD_RUNPATH_SEARCH_PATHS = (
					"$(inherited)",
					"@executable_path/Frameworks",
				);
				MARKETING_VERSION = 1.0;
				PRODUCT_BUNDLE_IDENTIFIER = pe.carlosllerena.GoRest;
				PRODUCT_NAME = "$(TARGET_NAME)";
				SWIFT_EMIT_LOC_STRINGS = YES;
				SWIFT_VERSION = 5.0;
				TARGETED_DEVICE_FAMILY = "1,2";
			};
			name = Release;
		};
		2F0B4E58287E16FA0044A644 /* Debug */ = {
			isa = XCBuildConfiguration;
			buildSettings = {
				ALWAYS_EMBED_SWIFT_STANDARD_LIBRARIES = YES;
				BUNDLE_LOADER = "$(TEST_HOST)";
				CODE_SIGN_STYLE = Automatic;
				CURRENT_PROJECT_VERSION = 1;
				DEVELOPMENT_TEAM = NR5747Y6M3;
				GENERATE_INFOPLIST_FILE = YES;
				IPHONEOS_DEPLOYMENT_TARGET = 15.2;
				MARKETING_VERSION = 1.0;
				PRODUCT_BUNDLE_IDENTIFIER = pe.carlosllerena.GoRestTests;
				PRODUCT_NAME = "$(TARGET_NAME)";
				SWIFT_EMIT_LOC_STRINGS = NO;
				SWIFT_VERSION = 5.0;
				TARGETED_DEVICE_FAMILY = "1,2";
				TEST_HOST = "$(BUILT_PRODUCTS_DIR)/GoRest.app/GoRest";
			};
			name = Debug;
		};
		2F0B4E59287E16FA0044A644 /* Release */ = {
			isa = XCBuildConfiguration;
			buildSettings = {
				ALWAYS_EMBED_SWIFT_STANDARD_LIBRARIES = YES;
				BUNDLE_LOADER = "$(TEST_HOST)";
				CODE_SIGN_STYLE = Automatic;
				CURRENT_PROJECT_VERSION = 1;
				DEVELOPMENT_TEAM = NR5747Y6M3;
				GENERATE_INFOPLIST_FILE = YES;
				IPHONEOS_DEPLOYMENT_TARGET = 15.2;
				MARKETING_VERSION = 1.0;
				PRODUCT_BUNDLE_IDENTIFIER = pe.carlosllerena.GoRestTests;
				PRODUCT_NAME = "$(TARGET_NAME)";
				SWIFT_EMIT_LOC_STRINGS = NO;
				SWIFT_VERSION = 5.0;
				TARGETED_DEVICE_FAMILY = "1,2";
				TEST_HOST = "$(BUILT_PRODUCTS_DIR)/GoRest.app/GoRest";
			};
			name = Release;
		};
		2F0B4E5B287E16FA0044A644 /* Debug */ = {
			isa = XCBuildConfiguration;
			buildSettings = {
				ALWAYS_EMBED_SWIFT_STANDARD_LIBRARIES = YES;
				CODE_SIGN_STYLE = Automatic;
				CURRENT_PROJECT_VERSION = 1;
				DEVELOPMENT_TEAM = NR5747Y6M3;
				GENERATE_INFOPLIST_FILE = YES;
				MARKETING_VERSION = 1.0;
				PRODUCT_BUNDLE_IDENTIFIER = pe.carlosllerena.GoRestUITests;
				PRODUCT_NAME = "$(TARGET_NAME)";
				SWIFT_EMIT_LOC_STRINGS = NO;
				SWIFT_VERSION = 5.0;
				TARGETED_DEVICE_FAMILY = "1,2";
				TEST_TARGET_NAME = GoRest;
			};
			name = Debug;
		};
		2F0B4E5C287E16FA0044A644 /* Release */ = {
			isa = XCBuildConfiguration;
			buildSettings = {
				ALWAYS_EMBED_SWIFT_STANDARD_LIBRARIES = YES;
				CODE_SIGN_STYLE = Automatic;
				CURRENT_PROJECT_VERSION = 1;
				DEVELOPMENT_TEAM = NR5747Y6M3;
				GENERATE_INFOPLIST_FILE = YES;
				MARKETING_VERSION = 1.0;
				PRODUCT_BUNDLE_IDENTIFIER = pe.carlosllerena.GoRestUITests;
				PRODUCT_NAME = "$(TARGET_NAME)";
				SWIFT_EMIT_LOC_STRINGS = NO;
				SWIFT_VERSION = 5.0;
				TARGETED_DEVICE_FAMILY = "1,2";
				TEST_TARGET_NAME = GoRest;
			};
			name = Release;
		};
/* End XCBuildConfiguration section */

/* Begin XCConfigurationList section */
		2F0B4E25287E16F80044A644 /* Build configuration list for PBXProject "GoRest" */ = {
			isa = XCConfigurationList;
			buildConfigurations = (
				2F0B4E52287E16FA0044A644 /* Debug */,
				2F0B4E53287E16FA0044A644 /* Release */,
			);
			defaultConfigurationIsVisible = 0;
			defaultConfigurationName = Release;
		};
		2F0B4E54287E16FA0044A644 /* Build configuration list for PBXNativeTarget "GoRest" */ = {
			isa = XCConfigurationList;
			buildConfigurations = (
				2F0B4E55287E16FA0044A644 /* Debug */,
				2F0B4E56287E16FA0044A644 /* Release */,
			);
			defaultConfigurationIsVisible = 0;
			defaultConfigurationName = Release;
		};
		2F0B4E57287E16FA0044A644 /* Build configuration list for PBXNativeTarget "GoRestTests" */ = {
			isa = XCConfigurationList;
			buildConfigurations = (
				2F0B4E58287E16FA0044A644 /* Debug */,
				2F0B4E59287E16FA0044A644 /* Release */,
			);
			defaultConfigurationIsVisible = 0;
			defaultConfigurationName = Release;
		};
		2F0B4E5A287E16FA0044A644 /* Build configuration list for PBXNativeTarget "GoRestUITests" */ = {
			isa = XCConfigurationList;
			buildConfigurations = (
				2F0B4E5B287E16FA0044A644 /* Debug */,
				2F0B4E5C287E16FA0044A644 /* Release */,
			);
			defaultConfigurationIsVisible = 0;
			defaultConfigurationName = Release;
		};
/* End XCConfigurationList section */

/* Begin XCRemoteSwiftPackageReference section */
		2F9D9AD9287E5B6300CF8B3B /* XCRemoteSwiftPackageReference "lottie-ios" */ = {
			isa = XCRemoteSwiftPackageReference;
			repositoryURL = "https://github.com/airbnb/lottie-ios.git";
			requirement = {
				kind = exactVersion;
				version = 3.3.0;
			};
		};
/* End XCRemoteSwiftPackageReference section */

/* Begin XCSwiftPackageProductDependency section */
		2F9D9ACA287E4CE800CF8B3B /* GoRestNetworking */ = {
			isa = XCSwiftPackageProductDependency;
			productName = GoRestNetworking;
		};
		2F9D9ACC287E4CEB00CF8B3B /* GoRestUI */ = {
			isa = XCSwiftPackageProductDependency;
			productName = GoRestUI;
		};
		2F9D9ADA287E5B6300CF8B3B /* Lottie */ = {
			isa = XCSwiftPackageProductDependency;
			package = 2F9D9AD9287E5B6300CF8B3B /* XCRemoteSwiftPackageReference "lottie-ios" */;
			productName = Lottie;
		};
/* End XCSwiftPackageProductDependency section */
	};
	rootObject = 2F0B4E22287E16F70044A644 /* Project object */;
}
